
Microsoft Visual Studio Solution File, Format Version 12.00
# Visual Studio Version 17
VisualStudioVersion = 17.11.35312.102
MinimumVisualStudioVersion = 10.0.40219.1
Project("{2150E333-8FDC-42A3-9474-1A3956D46DE8}") = "Task0", "Task0", "{CB4CAABF-7FBD-4D12-96CA-44EB8AD4F6F7}"
EndProject
Project("{9A19103F-16F7-4668-BE54-9A1E7A4F7556}") = "Tyuiu.ZhanabaevTA.Sprint6.Task0.V10.Lib", "Tyuiu.ZhanabaevTA.Sprint6.Task0.V10.Lib\Tyuiu.ZhanabaevTA.Sprint6.Task0.V10.Lib.csproj", "{17B4C9D4-D3B4-420E-9802-1AEBE600982A}"
EndProject
Project("{9A19103F-16F7-4668-BE54-9A1E7A4F7556}") = "Tyuiu.ZhanabaevTA.Sprint6.Task0.V10.Test", "Tyuiu.ZhanabaevTA.Sprint6.Task0.V10.Test\Tyuiu.ZhanabaevTA.Sprint6.Task0.V10.Test.csproj", "{52DD1D9C-1DBF-444E-ABDF-469C20FE4FC9}"
EndProject
Project("{9A19103F-16F7-4668-BE54-9A1E7A4F7556}") = "Tyuiu.ZhanabaevTA.Sprint6.Task0.V10", "Tyuiu.ZhanabaevTA.Sprint6.Task0.V10\Tyuiu.ZhanabaevTA.Sprint6.Task0.V10.csproj", "{A57393A1-6D14-4D4D-825A-74EB8BAC4C34}"
EndProject
Project("{2150E333-8FDC-42A3-9474-1A3956D46DE8}") = "Task1", "Task1", "{AD9378DF-BEB5-4519-BB4D-FCE21A8F3A29}"
EndProject
Project("{9A19103F-16F7-4668-BE54-9A1E7A4F7556}") = "Tyuiu.ZhanabaevTA.Sprint6.Task1.V1.Lib", "Tyuiu.ZhanabaevTA.Sprint6.Task1.V1.Lib\Tyuiu.ZhanabaevTA.Sprint6.Task1.V1.Lib.csproj", "{E61D4DBA-3C42-4E17-A4BB-18DCE193D22D}"
EndProject
Project("{9A19103F-16F7-4668-BE54-9A1E7A4F7556}") = "Tyuiu.ZhanabaevTA.Sprint6.Task1.V1.Test", "Tyuiu.ZhanabaevTA.Sprint6.Task1.V1.Test\Tyuiu.ZhanabaevTA.Sprint6.Task1.V1.Test.csproj", "{12BFB5C2-4C46-4238-97F1-FF7B0D4E700A}"
EndProject
Project("{9A19103F-16F7-4668-BE54-9A1E7A4F7556}") = "Tyuiu.ZhanabaevTA.Sprint6.Task1.V1", "Tyuiu.ZhanabaevTA.Sprint6.Task1.V1\Tyuiu.ZhanabaevTA.Sprint6.Task1.V1.csproj", "{206B1EBB-FAF8-428A-9E6F-D240574353B1}"
EndProject
Project("{2150E333-8FDC-42A3-9474-1A3956D46DE8}") = "Task2", "Task2", "{980FD182-C026-4B3E-BC3C-597393FEB52C}"
EndProject
Project("{9A19103F-16F7-4668-BE54-9A1E7A4F7556}") = "Tyuiu.ZhanabaevTA.Sprint6.Task2.V18.Lib", "Tyuiu.ZhanabaevTA.Sprint6.Task2.V18.Lib\Tyuiu.ZhanabaevTA.Sprint6.Task2.V18.Lib.csproj", "{3DF08E40-6B6E-40C3-B3DA-FAE7B1CB1BF8}"
EndProject
Project("{9A19103F-16F7-4668-BE54-9A1E7A4F7556}") = "Tyuiu.ZhanabaevTA.Sprint6.Task2.V18.Test", "Tyuiu.ZhanabaevTA.Sprint6.Task2.V18.Test\Tyuiu.ZhanabaevTA.Sprint6.Task2.V18.Test.csproj", "{6659515F-622E-4DED-9B1B-1A678CC1A6C2}"
EndProject
Project("{9A19103F-16F7-4668-BE54-9A1E7A4F7556}") = "Tyuiu.ZhanabaevTA.Sprint6.Task2.V18", "Tyuiu.ZhanabaevTA.Sprint6.Task2.V18\Tyuiu.ZhanabaevTA.Sprint6.Task2.V18.csproj", "{5C64170D-6510-4CAC-B90B-613E3E8DE193}"
EndProject
Project("{2150E333-8FDC-42A3-9474-1A3956D46DE8}") = "Task3", "Task3", "{AB382539-B9D8-40B1-A7F6-D75C314E0E9D}"
EndProject
Project("{9A19103F-16F7-4668-BE54-9A1E7A4F7556}") = "Tyuiu.ZhanabaevTA.Sprint6.Task3.V17.Test", "Tyuiu.ZhanabaevTA.Sprint6.Task3.V17.Test\Tyuiu.ZhanabaevTA.Sprint6.Task3.V17.Test.csproj", "{4298C1FA-574A-4D81-95BC-18AA45B8C29F}"
EndProject
Project("{9A19103F-16F7-4668-BE54-9A1E7A4F7556}") = "Tyuiu.ZhanabaevTA.Sprint6.Task3.V17.Lib", "Tyuiu.ZhanabaevTA.Sprint6.Task3.V17.Lib\Tyuiu.ZhanabaevTA.Sprint6.Task3.V17.Lib.csproj", "{88833654-4A1D-4C85-8CF0-3820C28AC04F}"
EndProject
Project("{9A19103F-16F7-4668-BE54-9A1E7A4F7556}") = "Tyuiu.ZhanabaevTA.Sprint6.Task3.V17", "Tyuiu.ZhanabaevTA.Sprint6.Task3.V17\Tyuiu.ZhanabaevTA.Sprint6.Task3.V17.csproj", "{726B68AA-9699-4C34-8FBB-76AE1CBC3FC5}"
EndProject
Project("{2150E333-8FDC-42A3-9474-1A3956D46DE8}") = "Task4", "Task4", "{802A72E1-B286-4D67-A6A5-0F65678CF967}"
EndProject
Project("{9A19103F-16F7-4668-BE54-9A1E7A4F7556}") = "Tyuiu.ZhanabaevTA.Sprint6.Task4.V23.Lib", "Tyuiu.ZhanabaevTA.Sprint6.Task4.V23.Lib\Tyuiu.ZhanabaevTA.Sprint6.Task4.V23.Lib.csproj", "{699C2F19-38B0-487F-AEF0-0BD78240DE21}"
EndProject
Project("{9A19103F-16F7-4668-BE54-9A1E7A4F7556}") = "Tyuiu.ZhanabaevTA.Sprint6.Task4.V23.Test", "Tyuiu.ZhanabaevTA.Sprint6.Task4.V23.Test\Tyuiu.ZhanabaevTA.Sprint6.Task4.V23.Test.csproj", "{6919A9F3-DD0C-4788-86BA-C7184CE2D5B7}"
EndProject
Project("{9A19103F-16F7-4668-BE54-9A1E7A4F7556}") = "Tyuiu.ZhanabaevTA.Sprint6.Task4.V23", "Tyuiu.ZhanabaevTA.Sprint6.Task4.V23\Tyuiu.ZhanabaevTA.Sprint6.Task4.V23.csproj", "{5CF45891-617E-423E-9CFD-F7D34A610396}"
EndProject
Project("{2150E333-8FDC-42A3-9474-1A3956D46DE8}") = "Task5", "Task5", "{E214E9E7-CAD9-420D-9CF6-4275969C4C94}"
EndProject
Project("{9A19103F-16F7-4668-BE54-9A1E7A4F7556}") = "Tyuiu.ZhanabaevTA.Sprint6.Task5.V15.Lib", "Tyuiu.ZhanabaevTA.Sprint6.Task5.V15.Lib\Tyuiu.ZhanabaevTA.Sprint6.Task5.V15.Lib.csproj", "{5F03E3E0-747A-40A9-A2D1-124A75E6D29E}"
EndProject
Project("{9A19103F-16F7-4668-BE54-9A1E7A4F7556}") = "Tyuiu.ZhanabaevTA.Sprint6.Task5.V15.Test", "Tyuiu.ZhanabaevTA.Sprint6.Task5.V15.Test\Tyuiu.ZhanabaevTA.Sprint6.Task5.V15.Test.csproj", "{CC19A7E3-B150-434A-8CF1-069F196F6DB6}"
EndProject
Project("{9A19103F-16F7-4668-BE54-9A1E7A4F7556}") = "Tyuiu.ZhanabaevTA.Sprint6.Task5.V15", "Tyuiu.ZhanabaevTA.Sprint6.Task5.V15\Tyuiu.ZhanabaevTA.Sprint6.Task5.V15.csproj", "{132B3AE1-4DB3-43A7-88E5-D6CA63C6B33D}"
EndProject
Project("{2150E333-8FDC-42A3-9474-1A3956D46DE8}") = "Task6", "Task6", "{5F467263-64BC-43B0-8913-BC131199233C}"
EndProject
Project("{9A19103F-16F7-4668-BE54-9A1E7A4F7556}") = "Tyuiu.ZhanabaevTA.Sprint6.Task6.V5.Lib", "Tyuiu.ZhanabaevTA.Sprint6.Task6.V5.Lib\Tyuiu.ZhanabaevTA.Sprint6.Task6.V5.Lib.csproj", "{EE5F8633-FD6E-4F38-A555-0A32B7EF557E}"
EndProject
Project("{9A19103F-16F7-4668-BE54-9A1E7A4F7556}") = "Tyuiu.ZhanabaevTA.Sprint6.Task6.V5.Test", "Tyuiu.ZhanabaevTA.Sprint6.Task6.V5.Test\Tyuiu.ZhanabaevTA.Sprint6.Task6.V5.Test.csproj", "{75341073-01C6-4E64-8C31-BA9D6A5BD0B0}"
EndProject
Project("{FAE04EC0-301F-11D3-BF4B-00C04F79EFBC}") = "Tyuiu.ZhanabaevTA.Sprint6.Task6.V5", "Tyuiu.ZhanabaevTA.Sprint6.Task6.V5\Tyuiu.ZhanabaevTA.Sprint6.Task6.V5.csproj", "{538D157D-2BB8-40FE-B648-7355FC24E829}"
EndProject
Global
	GlobalSection(SolutionConfigurationPlatforms) = preSolution
		Debug|Any CPU = Debug|Any CPU
		Release|Any CPU = Release|Any CPU
	EndGlobalSection
	GlobalSection(ProjectConfigurationPlatforms) = postSolution
		{17B4C9D4-D3B4-420E-9802-1AEBE600982A}.Debug|Any CPU.ActiveCfg = Debug|Any CPU
		{17B4C9D4-D3B4-420E-9802-1AEBE600982A}.Debug|Any CPU.Build.0 = Debug|Any CPU
		{17B4C9D4-D3B4-420E-9802-1AEBE600982A}.Release|Any CPU.ActiveCfg = Release|Any CPU
		{17B4C9D4-D3B4-420E-9802-1AEBE600982A}.Release|Any CPU.Build.0 = Release|Any CPU
		{52DD1D9C-1DBF-444E-ABDF-469C20FE4FC9}.Debug|Any CPU.ActiveCfg = Debug|Any CPU
		{52DD1D9C-1DBF-444E-ABDF-469C20FE4FC9}.Debug|Any CPU.Build.0 = Debug|Any CPU
		{52DD1D9C-1DBF-444E-ABDF-469C20FE4FC9}.Release|Any CPU.ActiveCfg = Release|Any CPU
		{52DD1D9C-1DBF-444E-ABDF-469C20FE4FC9}.Release|Any CPU.Build.0 = Release|Any CPU
		{A57393A1-6D14-4D4D-825A-74EB8BAC4C34}.Debug|Any CPU.ActiveCfg = Debug|Any CPU
		{A57393A1-6D14-4D4D-825A-74EB8BAC4C34}.Debug|Any CPU.Build.0 = Debug|Any CPU
		{A57393A1-6D14-4D4D-825A-74EB8BAC4C34}.Release|Any CPU.ActiveCfg = Release|Any CPU
		{A57393A1-6D14-4D4D-825A-74EB8BAC4C34}.Release|Any CPU.Build.0 = Release|Any CPU
		{E61D4DBA-3C42-4E17-A4BB-18DCE193D22D}.Debug|Any CPU.ActiveCfg = Debug|Any CPU
		{E61D4DBA-3C42-4E17-A4BB-18DCE193D22D}.Debug|Any CPU.Build.0 = Debug|Any CPU
		{E61D4DBA-3C42-4E17-A4BB-18DCE193D22D}.Release|Any CPU.ActiveCfg = Release|Any CPU
		{E61D4DBA-3C42-4E17-A4BB-18DCE193D22D}.Release|Any CPU.Build.0 = Release|Any CPU
		{12BFB5C2-4C46-4238-97F1-FF7B0D4E700A}.Debug|Any CPU.ActiveCfg = Debug|Any CPU
		{12BFB5C2-4C46-4238-97F1-FF7B0D4E700A}.Debug|Any CPU.Build.0 = Debug|Any CPU
		{12BFB5C2-4C46-4238-97F1-FF7B0D4E700A}.Release|Any CPU.ActiveCfg = Release|Any CPU
		{12BFB5C2-4C46-4238-97F1-FF7B0D4E700A}.Release|Any CPU.Build.0 = Release|Any CPU
		{206B1EBB-FAF8-428A-9E6F-D240574353B1}.Debug|Any CPU.ActiveCfg = Debug|Any CPU
		{206B1EBB-FAF8-428A-9E6F-D240574353B1}.Debug|Any CPU.Build.0 = Debug|Any CPU
		{206B1EBB-FAF8-428A-9E6F-D240574353B1}.Release|Any CPU.ActiveCfg = Release|Any CPU
		{206B1EBB-FAF8-428A-9E6F-D240574353B1}.Release|Any CPU.Build.0 = Release|Any CPU
		{3DF08E40-6B6E-40C3-B3DA-FAE7B1CB1BF8}.Debug|Any CPU.ActiveCfg = Debug|Any CPU
		{3DF08E40-6B6E-40C3-B3DA-FAE7B1CB1BF8}.Debug|Any CPU.Build.0 = Debug|Any CPU
		{3DF08E40-6B6E-40C3-B3DA-FAE7B1CB1BF8}.Release|Any CPU.ActiveCfg = Release|Any CPU
		{3DF08E40-6B6E-40C3-B3DA-FAE7B1CB1BF8}.Release|Any CPU.Build.0 = Release|Any CPU
		{6659515F-622E-4DED-9B1B-1A678CC1A6C2}.Debug|Any CPU.ActiveCfg = Debug|Any CPU
		{6659515F-622E-4DED-9B1B-1A678CC1A6C2}.Debug|Any CPU.Build.0 = Debug|Any CPU
		{6659515F-622E-4DED-9B1B-1A678CC1A6C2}.Release|Any CPU.ActiveCfg = Release|Any CPU
		{6659515F-622E-4DED-9B1B-1A678CC1A6C2}.Release|Any CPU.Build.0 = Release|Any CPU
		{5C64170D-6510-4CAC-B90B-613E3E8DE193}.Debug|Any CPU.ActiveCfg = Debug|Any CPU
		{5C64170D-6510-4CAC-B90B-613E3E8DE193}.Debug|Any CPU.Build.0 = Debug|Any CPU
		{5C64170D-6510-4CAC-B90B-613E3E8DE193}.Release|Any CPU.ActiveCfg = Release|Any CPU
		{5C64170D-6510-4CAC-B90B-613E3E8DE193}.Release|Any CPU.Build.0 = Release|Any CPU
		{4298C1FA-574A-4D81-95BC-18AA45B8C29F}.Debug|Any CPU.ActiveCfg = Debug|Any CPU
		{4298C1FA-574A-4D81-95BC-18AA45B8C29F}.Debug|Any CPU.Build.0 = Debug|Any CPU
		{4298C1FA-574A-4D81-95BC-18AA45B8C29F}.Release|Any CPU.ActiveCfg = Release|Any CPU
		{4298C1FA-574A-4D81-95BC-18AA45B8C29F}.Release|Any CPU.Build.0 = Release|Any CPU
		{88833654-4A1D-4C85-8CF0-3820C28AC04F}.Debug|Any CPU.ActiveCfg = Debug|Any CPU
		{88833654-4A1D-4C85-8CF0-3820C28AC04F}.Debug|Any CPU.Build.0 = Debug|Any CPU
		{88833654-4A1D-4C85-8CF0-3820C28AC04F}.Release|Any CPU.ActiveCfg = Release|Any CPU
		{88833654-4A1D-4C85-8CF0-3820C28AC04F}.Release|Any CPU.Build.0 = Release|Any CPU
		{726B68AA-9699-4C34-8FBB-76AE1CBC3FC5}.Debug|Any CPU.ActiveCfg = Debug|Any CPU
		{726B68AA-9699-4C34-8FBB-76AE1CBC3FC5}.Debug|Any CPU.Build.0 = Debug|Any CPU
		{726B68AA-9699-4C34-8FBB-76AE1CBC3FC5}.Release|Any CPU.ActiveCfg = Release|Any CPU
		{726B68AA-9699-4C34-8FBB-76AE1CBC3FC5}.Release|Any CPU.Build.0 = Release|Any CPU
		{699C2F19-38B0-487F-AEF0-0BD78240DE21}.Debug|Any CPU.ActiveCfg = Debug|Any CPU
		{699C2F19-38B0-487F-AEF0-0BD78240DE21}.Debug|Any CPU.Build.0 = Debug|Any CPU
		{699C2F19-38B0-487F-AEF0-0BD78240DE21}.Release|Any CPU.ActiveCfg = Release|Any CPU
		{699C2F19-38B0-487F-AEF0-0BD78240DE21}.Release|Any CPU.Build.0 = Release|Any CPU
		{6919A9F3-DD0C-4788-86BA-C7184CE2D5B7}.Debug|Any CPU.ActiveCfg = Debug|Any CPU
		{6919A9F3-DD0C-4788-86BA-C7184CE2D5B7}.Debug|Any CPU.Build.0 = Debug|Any CPU
		{6919A9F3-DD0C-4788-86BA-C7184CE2D5B7}.Release|Any CPU.ActiveCfg = Release|Any CPU
		{6919A9F3-DD0C-4788-86BA-C7184CE2D5B7}.Release|Any CPU.Build.0 = Release|Any CPU
		{5CF45891-617E-423E-9CFD-F7D34A610396}.Debug|Any CPU.ActiveCfg = Debug|Any CPU
		{5CF45891-617E-423E-9CFD-F7D34A610396}.Debug|Any CPU.Build.0 = Debug|Any CPU
		{5CF45891-617E-423E-9CFD-F7D34A610396}.Release|Any CPU.ActiveCfg = Release|Any CPU
		{5CF45891-617E-423E-9CFD-F7D34A610396}.Release|Any CPU.Build.0 = Release|Any CPU
		{5F03E3E0-747A-40A9-A2D1-124A75E6D29E}.Debug|Any CPU.ActiveCfg = Debug|Any CPU
		{5F03E3E0-747A-40A9-A2D1-124A75E6D29E}.Debug|Any CPU.Build.0 = Debug|Any CPU
		{5F03E3E0-747A-40A9-A2D1-124A75E6D29E}.Release|Any CPU.ActiveCfg = Release|Any CPU
		{5F03E3E0-747A-40A9-A2D1-124A75E6D29E}.Release|Any CPU.Build.0 = Release|Any CPU
		{CC19A7E3-B150-434A-8CF1-069F196F6DB6}.Debug|Any CPU.ActiveCfg = Debug|Any CPU
		{CC19A7E3-B150-434A-8CF1-069F196F6DB6}.Debug|Any CPU.Build.0 = Debug|Any CPU
		{CC19A7E3-B150-434A-8CF1-069F196F6DB6}.Release|Any CPU.ActiveCfg = Release|Any CPU
		{CC19A7E3-B150-434A-8CF1-069F196F6DB6}.Release|Any CPU.Build.0 = Release|Any CPU
		{132B3AE1-4DB3-43A7-88E5-D6CA63C6B33D}.Debug|Any CPU.ActiveCfg = Debug|Any CPU
		{132B3AE1-4DB3-43A7-88E5-D6CA63C6B33D}.Debug|Any CPU.Build.0 = Debug|Any CPU
		{132B3AE1-4DB3-43A7-88E5-D6CA63C6B33D}.Release|Any CPU.ActiveCfg = Release|Any CPU
		{132B3AE1-4DB3-43A7-88E5-D6CA63C6B33D}.Release|Any CPU.Build.0 = Release|Any CPU
		{EE5F8633-FD6E-4F38-A555-0A32B7EF557E}.Debug|Any CPU.ActiveCfg = Debug|Any CPU
		{EE5F8633-FD6E-4F38-A555-0A32B7EF557E}.Debug|Any CPU.Build.0 = Debug|Any CPU
		{EE5F8633-FD6E-4F38-A555-0A32B7EF557E}.Release|Any CPU.ActiveCfg = Release|Any CPU
		{EE5F8633-FD6E-4F38-A555-0A32B7EF557E}.Release|Any CPU.Build.0 = Release|Any CPU
		{75341073-01C6-4E64-8C31-BA9D6A5BD0B0}.Debug|Any CPU.ActiveCfg = Debug|Any CPU
		{75341073-01C6-4E64-8C31-BA9D6A5BD0B0}.Debug|Any CPU.Build.0 = Debug|Any CPU
		{75341073-01C6-4E64-8C31-BA9D6A5BD0B0}.Release|Any CPU.ActiveCfg = Release|Any CPU
		{75341073-01C6-4E64-8C31-BA9D6A5BD0B0}.Release|Any CPU.Build.0 = Release|Any CPU
		{538D157D-2BB8-40FE-B648-7355FC24E829}.Debug|Any CPU.ActiveCfg = Debug|Any CPU
		{538D157D-2BB8-40FE-B648-7355FC24E829}.Debug|Any CPU.Build.0 = Debug|Any CPU
		{538D157D-2BB8-40FE-B648-7355FC24E829}.Release|Any CPU.ActiveCfg = Release|Any CPU
		{538D157D-2BB8-40FE-B648-7355FC24E829}.Release|Any CPU.Build.0 = Release|Any CPU
	EndGlobalSection
	GlobalSection(SolutionProperties) = preSolution
		HideSolutionNode = FALSE
	EndGlobalSection
	GlobalSection(NestedProjects) = preSolution
		{17B4C9D4-D3B4-420E-9802-1AEBE600982A} = {CB4CAABF-7FBD-4D12-96CA-44EB8AD4F6F7}
		{52DD1D9C-1DBF-444E-ABDF-469C20FE4FC9} = {CB4CAABF-7FBD-4D12-96CA-44EB8AD4F6F7}
		{A57393A1-6D14-4D4D-825A-74EB8BAC4C34} = {CB4CAABF-7FBD-4D12-96CA-44EB8AD4F6F7}
		{E61D4DBA-3C42-4E17-A4BB-18DCE193D22D} = {AD9378DF-BEB5-4519-BB4D-FCE21A8F3A29}
		{12BFB5C2-4C46-4238-97F1-FF7B0D4E700A} = {AD9378DF-BEB5-4519-BB4D-FCE21A8F3A29}
		{206B1EBB-FAF8-428A-9E6F-D240574353B1} = {AD9378DF-BEB5-4519-BB4D-FCE21A8F3A29}
		{3DF08E40-6B6E-40C3-B3DA-FAE7B1CB1BF8} = {980FD182-C026-4B3E-BC3C-597393FEB52C}
		{6659515F-622E-4DED-9B1B-1A678CC1A6C2} = {980FD182-C026-4B3E-BC3C-597393FEB52C}
		{5C64170D-6510-4CAC-B90B-613E3E8DE193} = {980FD182-C026-4B3E-BC3C-597393FEB52C}
		{4298C1FA-574A-4D81-95BC-18AA45B8C29F} = {AB382539-B9D8-40B1-A7F6-D75C314E0E9D}
		{88833654-4A1D-4C85-8CF0-3820C28AC04F} = {AB382539-B9D8-40B1-A7F6-D75C314E0E9D}
		{726B68AA-9699-4C34-8FBB-76AE1CBC3FC5} = {AB382539-B9D8-40B1-A7F6-D75C314E0E9D}
		{699C2F19-38B0-487F-AEF0-0BD78240DE21} = {802A72E1-B286-4D67-A6A5-0F65678CF967}
		{6919A9F3-DD0C-4788-86BA-C7184CE2D5B7} = {802A72E1-B286-4D67-A6A5-0F65678CF967}
		{5CF45891-617E-423E-9CFD-F7D34A610396} = {802A72E1-B286-4D67-A6A5-0F65678CF967}
		{5F03E3E0-747A-40A9-A2D1-124A75E6D29E} = {E214E9E7-CAD9-420D-9CF6-4275969C4C94}
		{CC19A7E3-B150-434A-8CF1-069F196F6DB6} = {E214E9E7-CAD9-420D-9CF6-4275969C4C94}
		{132B3AE1-4DB3-43A7-88E5-D6CA63C6B33D} = {E214E9E7-CAD9-420D-9CF6-4275969C4C94}
		{EE5F8633-FD6E-4F38-A555-0A32B7EF557E} = {5F467263-64BC-43B0-8913-BC131199233C}
		{75341073-01C6-4E64-8C31-BA9D6A5BD0B0} = {5F467263-64BC-43B0-8913-BC131199233C}
		{538D157D-2BB8-40FE-B648-7355FC24E829} = {5F467263-64BC-43B0-8913-BC131199233C}
	EndGlobalSection
	GlobalSection(ExtensibilityGlobals) = postSolution
		SolutionGuid = {C06A01E0-C551-41F6-8F9F-BDBBCCB583F4}
	EndGlobalSection
EndGlobal
